
Microsoft Visual Studio Solution File, Format Version 12.00
# Visual Studio Version 17
VisualStudioVersion = 17.14.37111.16
MinimumVisualStudioVersion = 10.0.40219.1
Project("{FAE04EC0-301F-11D3-BF4B-00C04F79EFBC}") = "EnergyPulse.Api", "EnergyPulse\EnergyPulse.Api.csproj", "{D26DFD3E-9EB2-4A55-B64C-6D333C33156F}"
EndProject
Project("{FAE04EC0-301F-11D3-BF4B-00C04F79EFBC}") = "EnergyPulse.UI", "EnergyPulse.UI\EnergyPulse.UI.csproj", "{233816E9-D9A9-44EC-A37A-C3FDCC8B3A57}"
EndProject
Global
	GlobalSection(SolutionConfigurationPlatforms) = preSolution
		Debug|Any CPU = Debug|Any CPU
		Release|Any CPU = Release|Any CPU
	EndGlobalSection
	GlobalSection(ProjectConfigurationPlatforms) = postSolution
		{D26DFD3E-9EB2-4A55-B64C-6D333C33156F}.Debug|Any CPU.ActiveCfg = Debug|Any CPU
		{D26DFD3E-9EB2-4A55-B64C-6D333C33156F}.Debug|Any CPU.Build.0 = Debug|Any CPU
		{D26DFD3E-9EB2-4A55-B64C-6D333C33156F}.Release|Any CPU.ActiveCfg = Release|Any CPU
		{D26DFD3E-9EB2-4A55-B64C-6D333C33156F}.Release|Any CPU.Build.0 = Release|Any CPU
		{233816E9-D9A9-44EC-A37A-C3FDCC8B3A57}.Debug|Any CPU.ActiveCfg = Debug|Any CPU
		{233816E9-D9A9-44EC-A37A-C3FDCC8B3A57}.Debug|Any CPU.Build.0 = Debug|Any CPU
		{233816E9-D9A9-44EC-A37A-C3FDCC8B3A57}.Release|Any CPU.ActiveCfg = Release|Any CPU
		{233816E9-D9A9-44EC-A37A-C3FDCC8B3A57}.Release|Any CPU.Build.0 = Release|Any CPU
	EndGlobalSection
	GlobalSection(SolutionProperties) = preSolution
		HideSolutionNode = FALSE
	EndGlobalSection
	GlobalSection(ExtensibilityGlobals) = postSolution
		SolutionGuid = {3093FAD9-7A7B-4BBF-B84B-C58B074612AD}
	EndGlobalSection
EndGlobal
